
Microsoft Visual Studio Solution File, Format Version 12.00
# Visual Studio 15
VisualStudioVersion = 15.0.28307.421
MinimumVisualStudioVersion = 10.0.40219.1
Project("{9A19103F-16F7-4668-BE54-9A1E7A4F7556}") = "BugSplatUwp", "BugSplatUwp\BugSplatUwp.csproj", "{045F36D8-9EC4-47CE-9BBD-FB6FC188CB25}"
EndProject
Project("{9A19103F-16F7-4668-BE54-9A1E7A4F7556}") = "BugSplatUwp.Test", "BugSplatUwp.Test\BugSplatUwp.Test.csproj", "{31713548-DBAF-4058-B836-A658A3219DFC}"
EndProject
Global
	GlobalSection(SolutionConfigurationPlatforms) = preSolution
		Debug|Any CPU = Debug|Any CPU
		Release|Any CPU = Release|Any CPU
	EndGlobalSection
	GlobalSection(ProjectConfigurationPlatforms) = postSolution
		{045F36D8-9EC4-47CE-9BBD-FB6FC188CB25}.Debug|Any CPU.ActiveCfg = Debug|Any CPU
		{045F36D8-9EC4-47CE-9BBD-FB6FC188CB25}.Debug|Any CPU.Build.0 = Debug|Any CPU
		{045F36D8-9EC4-47CE-9BBD-FB6FC188CB25}.Release|Any CPU.ActiveCfg = Release|Any CPU
		{045F36D8-9EC4-47CE-9BBD-FB6FC188CB25}.Release|Any CPU.Build.0 = Release|Any CPU
		{31713548-DBAF-4058-B836-A658A3219DFC}.Debug|Any CPU.ActiveCfg = Debug|Any CPU
		{31713548-DBAF-4058-B836-A658A3219DFC}.Debug|Any CPU.Build.0 = Debug|Any CPU
		{31713548-DBAF-4058-B836-A658A3219DFC}.Release|Any CPU.ActiveCfg = Release|Any CPU
		{31713548-DBAF-4058-B836-A658A3219DFC}.Release|Any CPU.Build.0 = Release|Any CPU
	EndGlobalSection
	GlobalSection(SolutionProperties) = preSolution
		HideSolutionNode = FALSE
	EndGlobalSection
	GlobalSection(ExtensibilityGlobals) = postSolution
		SolutionGuid = {5B45E819-4968-49E7-91CF-0D8A9E246AD5}
	EndGlobalSection
EndGlobal
